
Microsoft Visual Studio Solution File, Format Version 12.00
# Visual Studio Version 17
VisualStudioVersion = 17.4.33213.308
MinimumVisualStudioVersion = 10.0.40219.1
Project("{FAE04EC0-301F-11D3-BF4B-00C04F79EFBC}") = "MyOtheloGame", "MyOtheloGame\MyOtheloGame.csproj", "{7D463BF8-8B99-4159-BE6B-371EC2BAB754}"
EndProject
Project("{FAE04EC0-301F-11D3-BF4B-00C04F79EFBC}") = "OtheloLogic", "OtheloLogic\OtheloLogic.csproj", "{0A4A1058-B198-47FB-A311-05029C09AEF4}"
EndProject
Global
	GlobalSection(SolutionConfigurationPlatforms) = preSolution
		Debug|Any CPU = Debug|Any CPU
		Release|Any CPU = Release|Any CPU
	EndGlobalSection
	GlobalSection(ProjectConfigurationPlatforms) = postSolution
		{7D463BF8-8B99-4159-BE6B-371EC2BAB754}.Debug|Any CPU.ActiveCfg = Debug|Any CPU
		{7D463BF8-8B99-4159-BE6B-371EC2BAB754}.Debug|Any CPU.Build.0 = Debug|Any CPU
		{7D463BF8-8B99-4159-BE6B-371EC2BAB754}.Release|Any CPU.ActiveCfg = Release|Any CPU
		{7D463BF8-8B99-4159-BE6B-371EC2BAB754}.Release|Any CPU.Build.0 = Release|Any CPU
		{0A4A1058-B198-47FB-A311-05029C09AEF4}.Debug|Any CPU.ActiveCfg = Debug|Any CPU
		{0A4A1058-B198-47FB-A311-05029C09AEF4}.Debug|Any CPU.Build.0 = Debug|Any CPU
		{0A4A1058-B198-47FB-A311-05029C09AEF4}.Release|Any CPU.ActiveCfg = Release|Any CPU
		{0A4A1058-B198-47FB-A311-05029C09AEF4}.Release|Any CPU.Build.0 = Release|Any CPU
	EndGlobalSection
	GlobalSection(SolutionProperties) = preSolution
		HideSolutionNode = FALSE
	EndGlobalSection
	GlobalSection(ExtensibilityGlobals) = postSolution
		SolutionGuid = {7F29C271-F380-49F9-85F1-6B0EAF789FD2}
	EndGlobalSection
EndGlobal
